
Microsoft Visual Studio Solution File, Format Version 12.00
# Visual Studio Version 17
VisualStudioVersion = 17.14.36327.8 d17.14
MinimumVisualStudioVersion = 10.0.40219.1
Project("{FAE04EC0-301F-11D3-BF4B-00C04F79EFBC}") = "Assignment 5.1.2", "Assignment 5.1.2.csproj", "{319A28B9-1D4F-4CD9-A534-73FAF1D9B27E}"
EndProject
Global
	GlobalSection(SolutionConfigurationPlatforms) = preSolution
		Debug|Any CPU = Debug|Any CPU
		Release|Any CPU = Release|Any CPU
	EndGlobalSection
	GlobalSection(ProjectConfigurationPlatforms) = postSolution
		{319A28B9-1D4F-4CD9-A534-73FAF1D9B27E}.Debug|Any CPU.ActiveCfg = Debug|Any CPU
		{319A28B9-1D4F-4CD9-A534-73FAF1D9B27E}.Debug|Any CPU.Build.0 = Debug|Any CPU
		{319A28B9-1D4F-4CD9-A534-73FAF1D9B27E}.Release|Any CPU.ActiveCfg = Release|Any CPU
		{319A28B9-1D4F-4CD9-A534-73FAF1D9B27E}.Release|Any CPU.Build.0 = Release|Any CPU
	EndGlobalSection
	GlobalSection(SolutionProperties) = preSolution
		HideSolutionNode = FALSE
	EndGlobalSection
	GlobalSection(ExtensibilityGlobals) = postSolution
		SolutionGuid = {CEDF90F1-B8DF-4234-9F9C-B3964DE1A80C}
	EndGlobalSection
EndGlobal
